// !$*UTF8*$!
{
	archiveVersion = 1;
	classes = {
	};
	objectVersion = 55;
	objects = {

/* Begin PBXBuildFile section */
		97718EAA284DF56D006C9056 /* interfungi_iOSApp.swift in Sources */ = {isa = PBXBuildFile; fileRef = 97718EA9284DF56D006C9056 /* interfungi_iOSApp.swift */; };
		97718EAC284DF56D006C9056 /* ContentView.swift in Sources */ = {isa = PBXBuildFile; fileRef = 97718EAB284DF56D006C9056 /* ContentView.swift */; };
		97718EAE284DF56E006C9056 /* Assets.xcassets in Resources */ = {isa = PBXBuildFile; fileRef = 97718EAD284DF56E006C9056 /* Assets.xcassets */; };
		97718EB1284DF56E006C9056 /* Preview Assets.xcassets in Resources */ = {isa = PBXBuildFile; fileRef = 97718EB0284DF56E006C9056 /* Preview Assets.xcassets */; };
		97718EBB284DF56E006C9056 /* interfungi_iOSTests.swift in Sources */ = {isa = PBXBuildFile; fileRef = 97718EBA284DF56E006C9056 /* interfungi_iOSTests.swift */; };
		97718EC5284DF56E006C9056 /* interfungi_iOSUITests.swift in Sources */ = {isa = PBXBuildFile; fileRef = 97718EC4284DF56E006C9056 /* interfungi_iOSUITests.swift */; };
		97718EC7284DF56E006C9056 /* interfungi_iOSUITestsLaunchTests.swift in Sources */ = {isa = PBXBuildFile; fileRef = 97718EC6284DF56E006C9056 /* interfungi_iOSUITestsLaunchTests.swift */; };
		97718ED8284DF758006C9056 /* SplashView.swift in Sources */ = {isa = PBXBuildFile; fileRef = 97718ED7284DF758006C9056 /* SplashView.swift */; };
		97718EDA284DF798006C9056 /* LoginView.swift in Sources */ = {isa = PBXBuildFile; fileRef = 97718ED9284DF798006C9056 /* LoginView.swift */; };
		97718EDC284DF9B1006C9056 /* SignUpView.swift in Sources */ = {isa = PBXBuildFile; fileRef = 97718EDB284DF9B1006C9056 /* SignUpView.swift */; };
		97718EDE284DFD67006C9056 /* Acme-Regular.ttf in Resources */ = {isa = PBXBuildFile; fileRef = 97718EDD284DFD67006C9056 /* Acme-Regular.ttf */; };
		97718EE0284E036B006C9056 /* Poppins-Regular.ttf in Resources */ = {isa = PBXBuildFile; fileRef = 97718EDF284E036B006C9056 /* Poppins-Regular.ttf */; };
		97718EE4284E0417006C9056 /* Murecho-Bold.ttf in Resources */ = {isa = PBXBuildFile; fileRef = 97718EE1284E0417006C9056 /* Murecho-Bold.ttf */; };
		97718EE5284E0417006C9056 /* Murecho-Light.ttf in Resources */ = {isa = PBXBuildFile; fileRef = 97718EE2284E0417006C9056 /* Murecho-Light.ttf */; };
		97718EE6284E0417006C9056 /* Murecho-Regular.ttf in Resources */ = {isa = PBXBuildFile; fileRef = 97718EE3284E0417006C9056 /* Murecho-Regular.ttf */; };
		97718EE9284E0790006C9056 /* baloo.ttf in Resources */ = {isa = PBXBuildFile; fileRef = 97718EE8284E0790006C9056 /* baloo.ttf */; };
		97718EEB284E0875006C9056 /* antic.ttf in Resources */ = {isa = PBXBuildFile; fileRef = 97718EEA284E0875006C9056 /* antic.ttf */; };
		97718EED284E0E0B006C9056 /* MainView.swift in Sources */ = {isa = PBXBuildFile; fileRef = 97718EEC284E0E0B006C9056 /* MainView.swift */; };
/* End PBXBuildFile section */

/* Begin PBXContainerItemProxy section */
		97718EB7284DF56E006C9056 /* PBXContainerItemProxy */ = {
			isa = PBXContainerItemProxy;
			containerPortal = 97718E9E284DF56D006C9056 /* Project object */;
			proxyType = 1;
			remoteGlobalIDString = 97718EA5284DF56D006C9056;
			remoteInfo = interfungi_iOS;
		};
		97718EC1284DF56E006C9056 /* PBXContainerItemProxy */ = {
			isa = PBXContainerItemProxy;
			containerPortal = 97718E9E284DF56D006C9056 /* Project object */;
			proxyType = 1;
			remoteGlobalIDString = 97718EA5284DF56D006C9056;
			remoteInfo = interfungi_iOS;
		};
/* End PBXContainerItemProxy section */

/* Begin PBXFileReference section */
		97718EA6284DF56D006C9056 /* interfungi_iOS.app */ = {isa = PBXFileReference; explicitFileType = wrapper.application; includeInIndex = 0; path = interfungi_iOS.app; sourceTree = BUILT_PRODUCTS_DIR; };
		97718EA9284DF56D006C9056 /* interfungi_iOSApp.swift */ = {isa = PBXFileReference; lastKnownFileType = sourcecode.swift; path = interfungi_iOSApp.swift; sourceTree = "<group>"; };
		97718EAB284DF56D006C9056 /* ContentView.swift */ = {isa = PBXFileReference; lastKnownFileType = sourcecode.swift; path = ContentView.swift; sourceTree = "<group>"; };
		97718EAD284DF56E006C9056 /* Assets.xcassets */ = {isa = PBXFileReference; lastKnownFileType = folder.assetcatalog; path = Assets.xcassets; sourceTree = "<group>"; };
		97718EB0284DF56E006C9056 /* Preview Assets.xcassets */ = {isa = PBXFileReference; lastKnownFileType = folder.assetcatalog; path = "Preview Assets.xcassets"; sourceTree = "<group>"; };
		97718EB6284DF56E006C9056 /* interfungi_iOSTests.xctest */ = {isa = PBXFileReference; explicitFileType = wrapper.cfbundle; includeInIndex = 0; path = interfungi_iOSTests.xctest; sourceTree = BUILT_PRODUCTS_DIR; };
		97718EBA284DF56E006C9056 /* interfungi_iOSTests.swift */ = {isa = PBXFileReference; lastKnownFileType = sourcecode.swift; path = interfungi_iOSTests.swift; sourceTree = "<group>"; };
		97718EC0284DF56E006C9056 /* interfungi_iOSUITests.xctest */ = {isa = PBXFileReference; explicitFileType = wrapper.cfbundle; includeInIndex = 0; path = interfungi_iOSUITests.xctest; sourceTree = BUILT_PRODUCTS_DIR; };
		97718EC4284DF56E006C9056 /* interfungi_iOSUITests.swift */ = {isa = PBXFileReference; lastKnownFileType = sourcecode.swift; path = interfungi_iOSUITests.swift; sourceTree = "<group>"; };
		97718EC6284DF56E006C9056 /* interfungi_iOSUITestsLaunchTests.swift */ = {isa = PBXFileReference; lastKnownFileType = sourcecode.swift; path = interfungi_iOSUITestsLaunchTests.swift; sourceTree = "<group>"; };
		97718ED7284DF758006C9056 /* SplashView.swift */ = {isa = PBXFileReference; lastKnownFileType = sourcecode.swift; path = SplashView.swift; sourceTree = "<group>"; };
		97718ED9284DF798006C9056 /* LoginView.swift */ = {isa = PBXFileReference; lastKnownFileType = sourcecode.swift; path = LoginView.swift; sourceTree = "<group>"; };
		97718EDB284DF9B1006C9056 /* SignUpView.swift */ = {isa = PBXFileReference; lastKnownFileType = sourcecode.swift; path = SignUpView.swift; sourceTree = "<group>"; };
		97718EDD284DFD67006C9056 /* Acme-Regular.ttf */ = {isa = PBXFileReference; lastKnownFileType = file; path = "Acme-Regular.ttf"; sourceTree = "<group>"; };
		97718EDF284E036B006C9056 /* Poppins-Regular.ttf */ = {isa = PBXFileReference; lastKnownFileType = file; path = "Poppins-Regular.ttf"; sourceTree = "<group>"; };
		97718EE1284E0417006C9056 /* Murecho-Bold.ttf */ = {isa = PBXFileReference; lastKnownFileType = file; path = "Murecho-Bold.ttf"; sourceTree = "<group>"; };
		97718EE2284E0417006C9056 /* Murecho-Light.ttf */ = {isa = PBXFileReference; lastKnownFileType = file; path = "Murecho-Light.ttf"; sourceTree = "<group>"; };
		97718EE3284E0417006C9056 /* Murecho-Regular.ttf */ = {isa = PBXFileReference; lastKnownFileType = file; path = "Murecho-Regular.ttf"; sourceTree = "<group>"; };
		97718EE7284E046B006C9056 /* interfungi-iOS-Info.plist */ = {isa = PBXFileReference; lastKnownFileType = text.plist; path = "interfungi-iOS-Info.plist"; sourceTree = SOURCE_ROOT; };
		97718EE8284E0790006C9056 /* baloo.ttf */ = {isa = PBXFileReference; lastKnownFileType = file; path = baloo.ttf; sourceTree = "<group>"; };
		97718EEA284E0875006C9056 /* antic.ttf */ = {isa = PBXFileReference; lastKnownFileType = file; path = antic.ttf; sourceTree = "<group>"; };
		97718EEC284E0E0B006C9056 /* MainView.swift */ = {isa = PBXFileReference; lastKnownFileType = sourcecode.swift; path = MainView.swift; sourceTree = "<group>"; };
/* End PBXFileReference section */

/* Begin PBXFrameworksBuildPhase section */
		97718EA3284DF56D006C9056 /* Frameworks */ = {
			isa = PBXFrameworksBuildPhase;
			buildActionMask = 2147483647;
			files = (
			);
			runOnlyForDeploymentPostprocessing = 0;
		};
		97718EB3284DF56E006C9056 /* Frameworks */ = {
			isa = PBXFrameworksBuildPhase;
			buildActionMask = 2147483647;
			files = (
			);
			runOnlyForDeploymentPostprocessing = 0;
		};
		97718EBD284DF56E006C9056 /* Frameworks */ = {
			isa = PBXFrameworksBuildPhase;
			buildActionMask = 2147483647;
			files = (
			);
			runOnlyForDeploymentPostprocessing = 0;
		};
/* End PBXFrameworksBuildPhase section */

/* Begin PBXGroup section */
		97718E9D284DF56D006C9056 = {
			isa = PBXGroup;
			children = (
				97718EA8284DF56D006C9056 /* interfungi_iOS */,
				97718EB9284DF56E006C9056 /* interfungi_iOSTests */,
				97718EC3284DF56E006C9056 /* interfungi_iOSUITests */,
				97718EA7284DF56D006C9056 /* Products */,
			);
			sourceTree = "<group>";
		};
		97718EA7284DF56D006C9056 /* Products */ = {
			isa = PBXGroup;
			children = (
				97718EA6284DF56D006C9056 /* interfungi_iOS.app */,
				97718EB6284DF56E006C9056 /* interfungi_iOSTests.xctest */,
				97718EC0284DF56E006C9056 /* interfungi_iOSUITests.xctest */,
			);
			name = Products;
			sourceTree = "<group>";
		};
		97718EA8284DF56D006C9056 /* interfungi_iOS */ = {
			isa = PBXGroup;
			children = (
				97718EE7284E046B006C9056 /* interfungi-iOS-Info.plist */,
				97718ED3284DF59E006C9056 /* Views */,
				97718EA9284DF56D006C9056 /* interfungi_iOSApp.swift */,
				97718EAB284DF56D006C9056 /* ContentView.swift */,
				97718EAD284DF56E006C9056 /* Assets.xcassets */,
				97718ED4284DF5A5006C9056 /* Resources */,
				97718EAF284DF56E006C9056 /* Preview Content */,
			);
			path = interfungi_iOS;
			sourceTree = "<group>";
		};
		97718EAF284DF56E006C9056 /* Preview Content */ = {
			isa = PBXGroup;
			children = (
				97718EB0284DF56E006C9056 /* Preview Assets.xcassets */,
			);
			path = "Preview Content";
			sourceTree = "<group>";
		};
		97718EB9284DF56E006C9056 /* interfungi_iOSTests */ = {
			isa = PBXGroup;
			children = (
				97718EBA284DF56E006C9056 /* interfungi_iOSTests.swift */,
			);
			path = interfungi_iOSTests;
			sourceTree = "<group>";
		};
		97718EC3284DF56E006C9056 /* interfungi_iOSUITests */ = {
			isa = PBXGroup;
			children = (
				97718EC4284DF56E006C9056 /* interfungi_iOSUITests.swift */,
				97718EC6284DF56E006C9056 /* interfungi_iOSUITestsLaunchTests.swift */,
			);
			path = interfungi_iOSUITests;
			sourceTree = "<group>";
		};
		97718ED3284DF59E006C9056 /* Views */ = {
			isa = PBXGroup;
			children = (
				97718ED7284DF758006C9056 /* SplashView.swift */,
				97718ED9284DF798006C9056 /* LoginView.swift */,
				97718EDB284DF9B1006C9056 /* SignUpView.swift */,
				97718EEC284E0E0B006C9056 /* MainView.swift */,
			);
			path = Views;
			sourceTree = "<group>";
		};
		97718ED4284DF5A5006C9056 /* Resources */ = {
			isa = PBXGroup;
			children = (
				97718EEA284E0875006C9056 /* antic.ttf */,
				97718EE8284E0790006C9056 /* baloo.ttf */,
				97718EE1284E0417006C9056 /* Murecho-Bold.ttf */,
				97718EE2284E0417006C9056 /* Murecho-Light.ttf */,
				97718EE3284E0417006C9056 /* Murecho-Regular.ttf */,
				97718EDF284E036B006C9056 /* Poppins-Regular.ttf */,
				97718EDD284DFD67006C9056 /* Acme-Regular.ttf */,
			);
			path = Resources;
			sourceTree = "<group>";
		};
/* End PBXGroup section */

/* Begin PBXNativeTarget section */
		97718EA5284DF56D006C9056 /* interfungi_iOS */ = {
			isa = PBXNativeTarget;
			buildConfigurationList = 97718ECA284DF56E006C9056 /* Build configuration list for PBXNativeTarget "interfungi_iOS" */;
			buildPhases = (
				97718EA2284DF56D006C9056 /* Sources */,
				97718EA3284DF56D006C9056 /* Frameworks */,
				97718EA4284DF56D006C9056 /* Resources */,
			);
			buildRules = (
			);
			dependencies = (
			);
			name = interfungi_iOS;
			productName = interfungi_iOS;
			productReference = 97718EA6284DF56D006C9056 /* interfungi_iOS.app */;
			productType = "com.apple.product-type.application";
		};
		97718EB5284DF56E006C9056 /* interfungi_iOSTests */ = {
			isa = PBXNativeTarget;
			buildConfigurationList = 97718ECD284DF56E006C9056 /* Build configuration list for PBXNativeTarget "interfungi_iOSTests" */;
			buildPhases = (
				97718EB2284DF56E006C9056 /* Sources */,
				97718EB3284DF56E006C9056 /* Frameworks */,
				97718EB4284DF56E006C9056 /* Resources */,
			);
			buildRules = (
			);
			dependencies = (
				97718EB8284DF56E006C9056 /* PBXTargetDependency */,
			);
			name = interfungi_iOSTests;
			productName = interfungi_iOSTests;
			productReference = 97718EB6284DF56E006C9056 /* interfungi_iOSTests.xctest */;
			productType = "com.apple.product-type.bundle.unit-test";
		};
		97718EBF284DF56E006C9056 /* interfungi_iOSUITests */ = {
			isa = PBXNativeTarget;
			buildConfigurationList = 97718ED0284DF56E006C9056 /* Build configuration list for PBXNativeTarget "interfungi_iOSUITests" */;
			buildPhases = (
				97718EBC284DF56E006C9056 /* Sources */,
				97718EBD284DF56E006C9056 /* Frameworks */,
				97718EBE284DF56E006C9056 /* Resources */,
			);
			buildRules = (
			);
			dependencies = (
				97718EC2284DF56E006C9056 /* PBXTargetDependency */,
			);
			name = interfungi_iOSUITests;
			productName = interfungi_iOSUITests;
			productReference = 97718EC0284DF56E006C9056 /* interfungi_iOSUITests.xctest */;
			productType = "com.apple.product-type.bundle.ui-testing";
		};
/* End PBXNativeTarget section */

/* Begin PBXProject section */
		97718E9E284DF56D006C9056 /* Project object */ = {
			isa = PBXProject;
			attributes = {
				BuildIndependentTargetsInParallel = 1;
				LastSwiftUpdateCheck = 1340;
				LastUpgradeCheck = 1340;
				TargetAttributes = {
					97718EA5284DF56D006C9056 = {
						CreatedOnToolsVersion = 13.4;
					};
					97718EB5284DF56E006C9056 = {
						CreatedOnToolsVersion = 13.4;
						TestTargetID = 97718EA5284DF56D006C9056;
					};
					97718EBF284DF56E006C9056 = {
						CreatedOnToolsVersion = 13.4;
						TestTargetID = 97718EA5284DF56D006C9056;
					};
				};
			};
			buildConfigurationList = 97718EA1284DF56D006C9056 /* Build configuration list for PBXProject "interfungi_iOS" */;
			compatibilityVersion = "Xcode 13.0";
			developmentRegion = en;
			hasScannedForEncodings = 0;
			knownRegions = (
				en,
				Base,
			);
			mainGroup = 97718E9D284DF56D006C9056;
			productRefGroup = 97718EA7284DF56D006C9056 /* Products */;
			projectDirPath = "";
			projectRoot = "";
			targets = (
				97718EA5284DF56D006C9056 /* interfungi_iOS */,
				97718EB5284DF56E006C9056 /* interfungi_iOSTests */,
				97718EBF284DF56E006C9056 /* interfungi_iOSUITests */,
			);
		};
/* End PBXProject section */

/* Begin PBXResourcesBuildPhase section */
		97718EA4284DF56D006C9056 /* Resources */ = {
			isa = PBXResourcesBuildPhase;
			buildActionMask = 2147483647;
			files = (
				97718EB1284DF56E006C9056 /* Preview Assets.xcassets in Resources */,
				97718EE6284E0417006C9056 /* Murecho-Regular.ttf in Resources */,
				97718EEB284E0875006C9056 /* antic.ttf in Resources */,
				97718EE9284E0790006C9056 /* baloo.ttf in Resources */,
				97718EDE284DFD67006C9056 /* Acme-Regular.ttf in Resources */,
				97718EAE284DF56E006C9056 /* Assets.xcassets in Resources */,
				97718EE5284E0417006C9056 /* Murecho-Light.ttf in Resources */,
				97718EE4284E0417006C9056 /* Murecho-Bold.ttf in Resources */,
				97718EE0284E036B006C9056 /* Poppins-Regular.ttf in Resources */,
			);
			runOnlyForDeploymentPostprocessing = 0;
		};
		97718EB4284DF56E006C9056 /* Resources */ = {
			isa = PBXResourcesBuildPhase;
			buildActionMask = 2147483647;
			files = (
			);
			runOnlyForDeploymentPostprocessing = 0;
		};
		97718EBE284DF56E006C9056 /* Resources */ = {
			isa = PBXResourcesBuildPhase;
			buildActionMask = 2147483647;
			files = (
			);
			runOnlyForDeploymentPostprocessing = 0;
		};
/* End PBXResourcesBuildPhase section */

/* Begin PBXSourcesBuildPhase section */
		97718EA2284DF56D006C9056 /* Sources */ = {
			isa = PBXSourcesBuildPhase;
			buildActionMask = 2147483647;
			files = (
				97718EAC284DF56D006C9056 /* ContentView.swift in Sources */,
				97718EED284E0E0B006C9056 /* MainView.swift in Sources */,
				97718EDC284DF9B1006C9056 /* SignUpView.swift in Sources */,
				97718EAA284DF56D006C9056 /* interfungi_iOSApp.swift in Sources */,
				97718EDA284DF798006C9056 /* LoginView.swift in Sources */,
				97718ED8284DF758006C9056 /* SplashView.swift in Sources */,
			);
			runOnlyForDeploymentPostprocessing = 0;
		};
		97718EB2284DF56E006C9056 /* Sources */ = {
			isa = PBXSourcesBuildPhase;
			buildActionMask = 2147483647;
			files = (
				97718EBB284DF56E006C9056 /* interfungi_iOSTests.swift in Sources */,
			);
			runOnlyForDeploymentPostprocessing = 0;
		};
		97718EBC284DF56E006C9056 /* Sources */ = {
			isa = PBXSourcesBuildPhase;
			buildActionMask = 2147483647;
			files = (
				97718EC5284DF56E006C9056 /* interfungi_iOSUITests.swift in Sources */,
				97718EC7284DF56E006C9056 /* interfungi_iOSUITestsLaunchTests.swift in Sources */,
			);
			runOnlyForDeploymentPostprocessing = 0;
		};
/* End PBXSourcesBuildPhase section */

/* Begin PBXTargetDependency section */
		97718EB8284DF56E006C9056 /* PBXTargetDependency */ = {
			isa = PBXTargetDependency;
			target = 97718EA5284DF56D006C9056 /* interfungi_iOS */;
			targetProxy = 97718EB7284DF56E006C9056 /* PBXContainerItemProxy */;
		};
		97718EC2284DF56E006C9056 /* PBXTargetDependency */ = {
			isa = PBXTargetDependency;
			target = 97718EA5284DF56D006C9056 /* interfungi_iOS */;
			targetProxy = 97718EC1284DF56E006C9056 /* PBXContainerItemProxy */;
		};
/* End PBXTargetDependency section */

/* Begin XCBuildConfiguration section */
		97718EC8284DF56E006C9056 /* Debug */ = {
			isa = XCBuildConfiguration;
			buildSettings = {
				ALWAYS_SEARCH_USER_PATHS = NO;
				CLANG_ANALYZER_NONNULL = YES;
				CLANG_ANALYZER_NUMBER_OBJECT_CONVERSION = YES_AGGRESSIVE;
				CLANG_CXX_LANGUAGE_STANDARD = "gnu++17";
				CLANG_ENABLE_MODULES = YES;
				CLANG_ENABLE_OBJC_ARC = YES;
				CLANG_ENABLE_OBJC_WEAK = YES;
				CLANG_WARN_BLOCK_CAPTURE_AUTORELEASING = YES;
				CLANG_WARN_BOOL_CONVERSION = YES;
				CLANG_WARN_COMMA = YES;
				CLANG_WARN_CONSTANT_CONVERSION = YES;
				CLANG_WARN_DEPRECATED_OBJC_IMPLEMENTATIONS = YES;
				CLANG_WARN_DIRECT_OBJC_ISA_USAGE = YES_ERROR;
				CLANG_WARN_DOCUMENTATION_COMMENTS = YES;
				CLANG_WARN_EMPTY_BODY = YES;
				CLANG_WARN_ENUM_CONVERSION = YES;
				CLANG_WARN_INFINITE_RECURSION = YES;
				CLANG_WARN_INT_CONVERSION = YES;
				CLANG_WARN_NON_LITERAL_NULL_CONVERSION = YES;
				CLANG_WARN_OBJC_IMPLICIT_RETAIN_SELF = YES;
				CLANG_WARN_OBJC_LITERAL_CONVERSION = YES;
				CLANG_WARN_OBJC_ROOT_CLASS = YES_ERROR;
				CLANG_WARN_QUOTED_INCLUDE_IN_FRAMEWORK_HEADER = YES;
				CLANG_WARN_RANGE_LOOP_ANALYSIS = YES;
				CLANG_WARN_STRICT_PROTOTYPES = YES;
				CLANG_WARN_SUSPICIOUS_MOVE = YES;
				CLANG_WARN_UNGUARDED_AVAILABILITY = YES_AGGRESSIVE;
				CLANG_WARN_UNREACHABLE_CODE = YES;
				CLANG_WARN__DUPLICATE_METHOD_MATCH = YES;
				COPY_PHASE_STRIP = NO;
				DEBUG_INFORMATION_FORMAT = dwarf;
				ENABLE_STRICT_OBJC_MSGSEND = YES;
				ENABLE_TESTABILITY = YES;
				GCC_C_LANGUAGE_STANDARD = gnu11;
				GCC_DYNAMIC_NO_PIC = NO;
				GCC_NO_COMMON_BLOCKS = YES;
				GCC_OPTIMIZATION_LEVEL = 0;
				GCC_PREPROCESSOR_DEFINITIONS = (
					"DEBUG=1",
					"$(inherited)",
				);
				GCC_WARN_64_TO_32_BIT_CONVERSION = YES;
				GCC_WARN_ABOUT_RETURN_TYPE = YES_ERROR;
				GCC_WARN_UNDECLARED_SELECTOR = YES;
				GCC_WARN_UNINITIALIZED_AUTOS = YES_AGGRESSIVE;
				GCC_WARN_UNUSED_FUNCTION = YES;
				GCC_WARN_UNUSED_VARIABLE = YES;
				IPHONEOS_DEPLOYMENT_TARGET = 15.5;
				MTL_ENABLE_DEBUG_INFO = INCLUDE_SOURCE;
				MTL_FAST_MATH = YES;
				ONLY_ACTIVE_ARCH = YES;
				SDKROOT = iphoneos;
				SWIFT_ACTIVE_COMPILATION_CONDITIONS = DEBUG;
				SWIFT_OPTIMIZATION_LEVEL = "-Onone";
			};
			name = Debug;
		};
		97718EC9284DF56E006C9056 /* Release */ = {
			isa = XCBuildConfiguration;
			buildSettings = {
				ALWAYS_SEARCH_USER_PATHS = NO;
				CLANG_ANALYZER_NONNULL = YES;
				CLANG_ANALYZER_NUMBER_OBJECT_CONVERSION = YES_AGGRESSIVE;
				CLANG_CXX_LANGUAGE_STANDARD = "gnu++17";
				CLANG_ENABLE_MODULES = YES;
				CLANG_ENABLE_OBJC_ARC = YES;
				CLANG_ENABLE_OBJC_WEAK = YES;
				CLANG_WARN_BLOCK_CAPTURE_AUTORELEASING = YES;
				CLANG_WARN_BOOL_CONVERSION = YES;
				CLANG_WARN_COMMA = YES;
				CLANG_WARN_CONSTANT_CONVERSION = YES;
				CLANG_WARN_DEPRECATED_OBJC_IMPLEMENTATIONS = YES;
				CLANG_WARN_DIRECT_OBJC_ISA_USAGE = YES_ERROR;
				CLANG_WARN_DOCUMENTATION_COMMENTS = YES;
				CLANG_WARN_EMPTY_BODY = YES;
				CLANG_WARN_ENUM_CONVERSION = YES;
				CLANG_WARN_INFINITE_RECURSION = YES;
				CLANG_WARN_INT_CONVERSION = YES;
				CLANG_WARN_NON_LITERAL_NULL_CONVERSION = YES;
				CLANG_WARN_OBJC_IMPLICIT_RETAIN_SELF = YES;
				CLANG_WARN_OBJC_LITERAL_CONVERSION = YES;
				CLANG_WARN_OBJC_ROOT_CLASS = YES_ERROR;
				CLANG_WARN_QUOTED_INCLUDE_IN_FRAMEWORK_HEADER = YES;
				CLANG_WARN_RANGE_LOOP_ANALYSIS = YES;
				CLANG_WARN_STRICT_PROTOTYPES = YES;
				CLANG_WARN_SUSPICIOUS_MOVE = YES;
				CLANG_WARN_UNGUARDED_AVAILABILITY = YES_AGGRESSIVE;
				CLANG_WARN_UNREACHABLE_CODE = YES;
				CLANG_WARN__DUPLICATE_METHOD_MATCH = YES;
				COPY_PHASE_STRIP = NO;
				DEBUG_INFORMATION_FORMAT = "dwarf-with-dsym";
				ENABLE_NS_ASSERTIONS = NO;
				ENABLE_STRICT_OBJC_MSGSEND = YES;
				GCC_C_LANGUAGE_STANDARD = gnu11;
				GCC_NO_COMMON_BLOCKS = YES;
				GCC_WARN_64_TO_32_BIT_CONVERSION = YES;
				GCC_WARN_ABOUT_RETURN_TYPE = YES_ERROR;
				GCC_WARN_UNDECLARED_SELECTOR = YES;
				GCC_WARN_UNINITIALIZED_AUTOS = YES_AGGRESSIVE;
				GCC_WARN_UNUSED_FUNCTION = YES;
				GCC_WARN_UNUSED_VARIABLE = YES;
				IPHONEOS_DEPLOYMENT_TARGET = 15.5;
				MTL_ENABLE_DEBUG_INFO = NO;
				MTL_FAST_MATH = YES;
				SDKROOT = iphoneos;
				SWIFT_COMPILATION_MODE = wholemodule;
				SWIFT_OPTIMIZATION_LEVEL = "-O";
				VALIDATE_PRODUCT = YES;
			};
			name = Release;
		};
		97718ECB284DF56E006C9056 /* Debug */ = {
			isa = XCBuildConfiguration;
			buildSettings = {
				ASSETCATALOG_COMPILER_APPICON_NAME = AppIcon;
				ASSETCATALOG_COMPILER_GLOBAL_ACCENT_COLOR_NAME = AccentColor;
				CODE_SIGN_STYLE = Automatic;
				CURRENT_PROJECT_VERSION = 1;
				DEVELOPMENT_ASSET_PATHS = "\"interfungi_iOS/Preview Content\"";
				DEVELOPMENT_TEAM = 4XAVYDR7T4;
				ENABLE_PREVIEWS = YES;
				GENERATE_INFOPLIST_FILE = YES;
				INFOPLIST_FILE = "interfungi-iOS-Info.plist";
				INFOPLIST_KEY_UIApplicationSceneManifest_Generation = YES;
				INFOPLIST_KEY_UIApplicationSupportsIndirectInputEvents = YES;
				INFOPLIST_KEY_UILaunchScreen_Generation = YES;
				INFOPLIST_KEY_UISupportedInterfaceOrientations_iPad = "UIInterfaceOrientationPortrait UIInterfaceOrientationPortraitUpsideDown UIInterfaceOrientationLandscapeLeft UIInterfaceOrientationLandscapeRight";
				INFOPLIST_KEY_UISupportedInterfaceOrientations_iPhone = "UIInterfaceOrientationPortrait UIInterfaceOrientationLandscapeLeft UIInterfaceOrientationLandscapeRight";
				LD_RUNPATH_SEARCH_PATHS = (
					"$(inherited)",
					"@executable_path/Frameworks",
				);
				MARKETING_VERSION = 1.0;
				PRODUCT_BUNDLE_IDENTIFIER = "ibercivis.interfungi-iOS";
				PRODUCT_NAME = "$(TARGET_NAME)";
				SWIFT_EMIT_LOC_STRINGS = YES;
				SWIFT_VERSION = 5.0;
				TARGETED_DEVICE_FAMILY = "1,2";
			};
			name = Debug;
		};
		97718ECC284DF56E006C9056 /* Release */ = {
			isa = XCBuildConfiguration;
			buildSettings = {
				ASSETCATALOG_COMPILER_APPICON_NAME = AppIcon;
				ASSETCATALOG_COMPILER_GLOBAL_ACCENT_COLOR_NAME = AccentColor;
				CODE_SIGN_STYLE = Automatic;
				CURRENT_PROJECT_VERSION = 1;
				DEVELOPMENT_ASSET_PATHS = "\"interfungi_iOS/Preview Content\"";
				DEVELOPMENT_TEAM = 4XAVYDR7T4;
				ENABLE_PREVIEWS = YES;
				GENERATE_INFOPLIST_FILE = YES;
				INFOPLIST_FILE = "interfungi-iOS-Info.plist";
				INFOPLIST_KEY_UIApplicationSceneManifest_Generation = YES;
				INFOPLIST_KEY_UIApplicationSupportsIndirectInputEvents = YES;
				INFOPLIST_KEY_UILaunchScreen_Generation = YES;
				INFOPLIST_KEY_UISupportedInterfaceOrientations_iPad = "UIInterfaceOrientationPortrait UIInterfaceOrientationPortraitUpsideDown UIInterfaceOrientationLandscapeLeft UIInterfaceOrientationLandscapeRight";
				INFOPLIST_KEY_UISupportedInterfaceOrientations_iPhone = "UIInterfaceOrientationPortrait UIInterfaceOrientationLandscapeLeft UIInterfaceOrientationLandscapeRight";
				LD_RUNPATH_SEARCH_PATHS = (
					"$(inherited)",
					"@executable_path/Frameworks",
				);
				MARKETING_VERSION = 1.0;
				PRODUCT_BUNDLE_IDENTIFIER = "ibercivis.interfungi-iOS";
				PRODUCT_NAME = "$(TARGET_NAME)";
				SWIFT_EMIT_LOC_STRINGS = YES;
				SWIFT_VERSION = 5.0;
				TARGETED_DEVICE_FAMILY = "1,2";
			};
			name = Release;
		};
		97718ECE284DF56E006C9056 /* Debug */ = {
			isa = XCBuildConfiguration;
			buildSettings = {
				ALWAYS_EMBED_SWIFT_STANDARD_LIBRARIES = YES;
				BUNDLE_LOADER = "$(TEST_HOST)";
				CODE_SIGN_STYLE = Automatic;
				CURRENT_PROJECT_VERSION = 1;
				DEVELOPMENT_TEAM = 4XAVYDR7T4;
				GENERATE_INFOPLIST_FILE = YES;
				IPHONEOS_DEPLOYMENT_TARGET = 15.5;
				MARKETING_VERSION = 1.0;
				PRODUCT_BUNDLE_IDENTIFIER = "ibercivis.interfungi-iOSTests";
				PRODUCT_NAME = "$(TARGET_NAME)";
				SWIFT_EMIT_LOC_STRINGS = NO;
				SWIFT_VERSION = 5.0;
				TARGETED_DEVICE_FAMILY = "1,2";
				TEST_HOST = "$(BUILT_PRODUCTS_DIR)/interfungi_iOS.app/interfungi_iOS";
			};
			name = Debug;
		};
		97718ECF284DF56E006C9056 /* Release */ = {
			isa = XCBuildConfiguration;
			buildSettings = {
				ALWAYS_EMBED_SWIFT_STANDARD_LIBRARIES = YES;
				BUNDLE_LOADER = "$(TEST_HOST)";
				CODE_SIGN_STYLE = Automatic;
				CURRENT_PROJECT_VERSION = 1;
				DEVELOPMENT_TEAM = 4XAVYDR7T4;
				GENERATE_INFOPLIST_FILE = YES;
				IPHONEOS_DEPLOYMENT_TARGET = 15.5;
				MARKETING_VERSION = 1.0;
				PRODUCT_BUNDLE_IDENTIFIER = "ibercivis.interfungi-iOSTests";
				PRODUCT_NAME = "$(TARGET_NAME)";
				SWIFT_EMIT_LOC_STRINGS = NO;
				SWIFT_VERSION = 5.0;
				TARGETED_DEVICE_FAMILY = "1,2";
				TEST_HOST = "$(BUILT_PRODUCTS_DIR)/interfungi_iOS.app/interfungi_iOS";
			};
			name = Release;
		};
		97718ED1284DF56E006C9056 /* Debug */ = {
			isa = XCBuildConfiguration;
			buildSettings = {
				ALWAYS_EMBED_SWIFT_STANDARD_LIBRARIES = YES;
				CODE_SIGN_STYLE = Automatic;
				CURRENT_PROJECT_VERSION = 1;
				DEVELOPMENT_TEAM = 4XAVYDR7T4;
				GENERATE_INFOPLIST_FILE = YES;
				MARKETING_VERSION = 1.0;
				PRODUCT_BUNDLE_IDENTIFIER = "ibercivis.interfungi-iOSUITests";
				PRODUCT_NAME = "$(TARGET_NAME)";
				SWIFT_EMIT_LOC_STRINGS = NO;
				SWIFT_VERSION = 5.0;
				TARGETED_DEVICE_FAMILY = "1,2";
				TEST_TARGET_NAME = interfungi_iOS;
			};
			name = Debug;
		};
		97718ED2284DF56E006C9056 /* Release */ = {
			isa = XCBuildConfiguration;
			buildSettings = {
				ALWAYS_EMBED_SWIFT_STANDARD_LIBRARIES = YES;
				CODE_SIGN_STYLE = Automatic;
				CURRENT_PROJECT_VERSION = 1;
				DEVELOPMENT_TEAM = 4XAVYDR7T4;
				GENERATE_INFOPLIST_FILE = YES;
				MARKETING_VERSION = 1.0;
				PRODUCT_BUNDLE_IDENTIFIER = "ibercivis.interfungi-iOSUITests";
				PRODUCT_NAME = "$(TARGET_NAME)";
				SWIFT_EMIT_LOC_STRINGS = NO;
				SWIFT_VERSION = 5.0;
				TARGETED_DEVICE_FAMILY = "1,2";
				TEST_TARGET_NAME = interfungi_iOS;
			};
			name = Release;
		};
/* End XCBuildConfiguration section */

/* Begin XCConfigurationList section */
		97718EA1284DF56D006C9056 /* Build configuration list for PBXProject "interfungi_iOS" */ = {
			isa = XCConfigurationList;
			buildConfigurations = (
				97718EC8284DF56E006C9056 /* Debug */,
				97718EC9284DF56E006C9056 /* Release */,
			);
			defaultConfigurationIsVisible = 0;
			defaultConfigurationName = Release;
		};
		97718ECA284DF56E006C9056 /* Build configuration list for PBXNativeTarget "interfungi_iOS" */ = {
			isa = XCConfigurationList;
			buildConfigurations = (
				97718ECB284DF56E006C9056 /* Debug */,
				97718ECC284DF56E006C9056 /* Release */,
			);
			defaultConfigurationIsVisible = 0;
			defaultConfigurationName = Release;
		};
		97718ECD284DF56E006C9056 /* Build configuration list for PBXNativeTarget "interfungi_iOSTests" */ = {
			isa = XCConfigurationList;
			buildConfigurations = (
				97718ECE284DF56E006C9056 /* Debug */,
				97718ECF284DF56E006C9056 /* Release */,
			);
			defaultConfigurationIsVisible = 0;
			defaultConfigurationName = Release;
		};
		97718ED0284DF56E006C9056 /* Build configuration list for PBXNativeTarget "interfungi_iOSUITests" */ = {
			isa = XCConfigurationList;
			buildConfigurations = (
				97718ED1284DF56E006C9056 /* Debug */,
				97718ED2284DF56E006C9056 /* Release */,
			);
			defaultConfigurationIsVisible = 0;
			defaultConfigurationName = Release;
		};
/* End XCConfigurationList section */
	};
	rootObject = 97718E9E284DF56D006C9056 /* Project object */;
}
